
Microsoft Visual Studio Solution File, Format Version 12.00
# Visual Studio 15
VisualStudioVersion = 15.0.27004.2008
MinimumVisualStudioVersion = 10.0.40219.1
Project("{FAE04EC0-301F-11D3-BF4B-00C04F79EFBC}") = "WpfAppDemo1", "WpfAppDemo1\WpfAppDemo1.csproj", "{FE9B93DC-0753-49C4-873C-0BF04D753686}"
EndProject
Global
	GlobalSection(SolutionConfigurationPlatforms) = preSolution
		Debug|Any CPU = Debug|Any CPU
		Release|Any CPU = Release|Any CPU
	EndGlobalSection
	GlobalSection(ProjectConfigurationPlatforms) = postSolution
		{FE9B93DC-0753-49C4-873C-0BF04D753686}.Debug|Any CPU.ActiveCfg = Debug|Any CPU
		{FE9B93DC-0753-49C4-873C-0BF04D753686}.Debug|Any CPU.Build.0 = Debug|Any CPU
		{FE9B93DC-0753-49C4-873C-0BF04D753686}.Release|Any CPU.ActiveCfg = Release|Any CPU
		{FE9B93DC-0753-49C4-873C-0BF04D753686}.Release|Any CPU.Build.0 = Release|Any CPU
	EndGlobalSection
	GlobalSection(SolutionProperties) = preSolution
		HideSolutionNode = FALSE
	EndGlobalSection
	GlobalSection(ExtensibilityGlobals) = postSolution
		SolutionGuid = {9DDDB3F8-D53A-4D88-97C3-E6B176CA15DF}
	EndGlobalSection
EndGlobal
